# THIS IS AN AUTOGENERATED FILE. DO NOT EDIT THIS FILE DIRECTLY.
# yarn lockfile v1


"@hotwired/stimulus@^3.0.0-beta.1":
  version "3.0.0-beta.1"
  resolved "https://registry.yarnpkg.com/@hotwired/stimulus/-/stimulus-3.0.0-beta.1.tgz#387eb5129c40c20f4455fd52409d1c4cdef8b7fe"
  integrity sha512-CrKSNYwwWJ1rCZiKgPADrLwRlmBQdvdbTgYlATjZP4MaU2SvGQ0wo1vsjjr7qzfEUvP/14GBnuQfMuhvHGrCNQ==
